PODS:
  - CocoaAsyncSocket (7.6.3)
  - FBRetainCycleDetector (0.1.4)
  - libextobjc (0.4.1):
    - libextobjc/EXTADT (= 0.4.1)
    - libextobjc/EXTConcreteProtocol (= 0.4.1)
    - libextobjc/EXTKeyPathCoding (= 0.4.1)
    - libextobjc/EXTNil (= 0.4.1)
    - libextobjc/EXTSafeCategory (= 0.4.1)
    - libextobjc/EXTScope (= 0.4.1)
    - libextobjc/EXTSelectorChecking (= 0.4.1)
    - libextobjc/EXTSynthesize (= 0.4.1)
    - "libextobjc/NSInvocation+EXT (= 0.4.1)"
    - "libextobjc/NSMethodSignature+EXT (= 0.4.1)"
    - libextobjc/RuntimeExtensions (= 0.4.1)
    - libextobjc/UmbrellaHeader (= 0.4.1)
  - libextobjc/EXTADT (0.4.1):
    - libextobjc/RuntimeExtensions
  - libextobjc/EXTConcreteProtocol (0.4.1):
    - libextobjc/RuntimeExtensions
  - libextobjc/EXTKeyPathCoding (0.4.1):
    - libextobjc/RuntimeExtensions
  - libextobjc/EXTNil (0.4.1):
    - libextobjc/RuntimeExtensions
  - libextobjc/EXTSafeCategory (0.4.1):
    - libextobjc/RuntimeExtensions
  - libextobjc/EXTScope (0.4.1):
    - libextobjc/RuntimeExtensions
  - libextobjc/EXTSelectorChecking (0.4.1):
    - libextobjc/RuntimeExtensions
  - libextobjc/EXTSynthesize (0.4.1):
    - libextobjc/RuntimeExtensions
  - "libextobjc/NSInvocation+EXT (0.4.1)":
    - libextobjc/RuntimeExtensions
  - "libextobjc/NSMethodSignature+EXT (0.4.1)":
    - libextobjc/RuntimeExtensions
  - libextobjc/RuntimeExtensions (0.4.1)
  - libextobjc/UmbrellaHeader (0.4.1)
  - MLeaksFinder (1.0.0):
    - FBRetainCycleDetector

DEPENDENCIES:
  - CocoaAsyncSocket
  - FBRetainCycleDetector
  - libextobjc
  - MLeaksFinder

SPEC REPOS:
  https://github.com/CocoaPods/Specs.git:
    - CocoaAsyncSocket
    - FBRetainCycleDetector
    - libextobjc
    - MLeaksFinder

SPEC CHECKSUMS:
  CocoaAsyncSocket: eafaa68a7e0ec99ead0a7b35015e0bf25d2c8987
  FBRetainCycleDetector: 46f8179bbb1c587deee3ea838a1a3ee02acf5015
  libextobjc: a650fc1bf489a3d3a9bc2e621efa3e1006fc5471
  MLeaksFinder: 8c435bd2f6d070af18cff082b503b21adc130fc0

PODFILE CHECKSUM: c48638c61fc9dc1419d8b747ea90e39170430558

COCOAPODS: 1.5.0
